// !$*UTF8*$!
{
	archiveVersion = 1;
	classes = {
	};
	objectVersion = 50;
	objects = {

/* Begin PBXBuildFile section */
		3BC2A7F789A4172DF0F88813 /* Pods_sketonview.framework in Frameworks */ = {isa = PBXBuildFile; fileRef = 56381EACABA6955338C5B118 /* Pods_sketonview.framework */; };
		84E496F32238E6B1002FCC1C /* AppDelegate.swift in Sources */ = {isa = PBXBuildFile; fileRef = 84E496F22238E6B1002FCC1C /* AppDelegate.swift */; };
		84E496F52238E6B1002FCC1C /* ViewController.swift in Sources */ = {isa = PBXBuildFile; fileRef = 84E496F42238E6B1002FCC1C /* ViewController.swift */; };
		84E496F82238E6B1002FCC1C /* Main.storyboard in Resources */ = {isa = PBXBuildFile; fileRef = 84E496F62238E6B1002FCC1C /* Main.storyboard */; };
		84E496FA2238E6B5002FCC1C /* Assets.xcassets in Resources */ = {isa = PBXBuildFile; fileRef = 84E496F92238E6B5002FCC1C /* Assets.xcassets */; };
		84E496FD2238E6B5002FCC1C /* LaunchScreen.storyboard in Resources */ = {isa = PBXBuildFile; fileRef = 84E496FB2238E6B5002FCC1C /* LaunchScreen.storyboard */; };
/* End PBXBuildFile section */

/* Begin PBXFileReference section */
		56381EACABA6955338C5B118 /* Pods_sketonview.framework */ = {isa = PBXFileReference; explicitFileType = wrapper.framework; includeInIndex = 0; path = Pods_sketonview.framework; sourceTree = BUILT_PRODUCTS_DIR; };
		84E496EF2238E6B1002FCC1C /* sketonview.app */ = {isa = PBXFileReference; explicitFileType = wrapper.application; includeInIndex = 0; path = sketonview.app; sourceTree = BUILT_PRODUCTS_DIR; };
		84E496F22238E6B1002FCC1C /* AppDelegate.swift */ = {isa = PBXFileReference; lastKnownFileType = sourcecode.swift; path = AppDelegate.swift; sourceTree = "<group>"; };
		84E496F42238E6B1002FCC1C /* ViewController.swift */ = {isa = PBXFileReference; lastKnownFileType = sourcecode.swift; path = ViewController.swift; sourceTree = "<group>"; };
		84E496F72238E6B1002FCC1C /* Base */ = {isa = PBXFileReference; lastKnownFileType = file.storyboard; name = Base; path = Base.lproj/Main.storyboard; sourceTree = "<group>"; };
		84E496F92238E6B5002FCC1C /* Assets.xcassets */ = {isa = PBXFileReference; lastKnownFileType = folder.assetcatalog; path = Assets.xcassets; sourceTree = "<group>"; };
		84E496FC2238E6B5002FCC1C /* Base */ = {isa = PBXFileReference; lastKnownFileType = file.storyboard; name = Base; path = Base.lproj/LaunchScreen.storyboard; sourceTree = "<group>"; };
		84E496FE2238E6B5002FCC1C /* Info.plist */ = {isa = PBXFileReference; lastKnownFileType = text.plist.xml; path = Info.plist; sourceTree = "<group>"; };
		AF123FB1EA82F21016CB0CFA /* Pods-sketonview.release.xcconfig */ = {isa = PBXFileReference; includeInIndex = 1; lastKnownFileType = text.xcconfig; name = "Pods-sketonview.release.xcconfig"; path = "Target Support Files/Pods-sketonview/Pods-sketonview.release.xcconfig"; sourceTree = "<group>"; };
		D45EF22A32DBA32C0EA06EFA /* Pods-sketonview.debug.xcconfig */ = {isa = PBXFileReference; includeInIndex = 1; lastKnownFileType = text.xcconfig; name = "Pods-sketonview.debug.xcconfig"; path = "Target Support Files/Pods-sketonview/Pods-sketonview.debug.xcconfig"; sourceTree = "<group>"; };
/* End PBXFileReference section */

/* Begin PBXFrameworksBuildPhase section */
		84E496EC2238E6B1002FCC1C /* Frameworks */ = {
			isa = PBXFrameworksBuildPhase;
			buildActionMask = 2147483647;
			files = (
				3BC2A7F789A4172DF0F88813 /* Pods_sketonview.framework in Frameworks */,
			);
			runOnlyForDeploymentPostprocessing = 0;
		};
/* End PBXFrameworksBuildPhase section */

/* Begin PBXGroup section */
		4AECBDDEF735BBD8931C68FB /* Pods */ = {
			isa = PBXGroup;
			children = (
				D45EF22A32DBA32C0EA06EFA /* Pods-sketonview.debug.xcconfig */,
				AF123FB1EA82F21016CB0CFA /* Pods-sketonview.release.xcconfig */,
			);
			name = Pods;
			path = Pods;
			sourceTree = "<group>";
		};
		565E0D5D011498F61BD5E0FC /* Frameworks */ = {
			isa = PBXGroup;
			children = (
				56381EACABA6955338C5B118 /* Pods_sketonview.framework */,
			);
			name = Frameworks;
			sourceTree = "<group>";
		};
		84E496E62238E6B1002FCC1C = {
			isa = PBXGroup;
			children = (
				84E496F12238E6B1002FCC1C /* sketonview */,
				84E496F02238E6B1002FCC1C /* Products */,
				4AECBDDEF735BBD8931C68FB /* Pods */,
				565E0D5D011498F61BD5E0FC /* Frameworks */,
			);
			sourceTree = "<group>";
		};
		84E496F02238E6B1002FCC1C /* Products */ = {
			isa = PBXGroup;
			children = (
				84E496EF2238E6B1002FCC1C /* sketonview.app */,
			);
			name = Products;
			sourceTree = "<group>";
		};
		84E496F12238E6B1002FCC1C /* sketonview */ = {
			isa = PBXGroup;
			children = (
				84E496F22238E6B1002FCC1C /* AppDelegate.swift */,
				84E496F42238E6B1002FCC1C /* ViewController.swift */,
				84E496F62238E6B1002FCC1C /* Main.storyboard */,
				84E496F92238E6B5002FCC1C /* Assets.xcassets */,
				84E496FB2238E6B5002FCC1C /* LaunchScreen.storyboard */,
				84E496FE2238E6B5002FCC1C /* Info.plist */,
			);
			path = sketonview;
			sourceTree = "<group>";
		};
/* End PBXGroup section */

/* Begin PBXNativeTarget section */
		84E496EE2238E6B1002FCC1C /* sketonview */ = {
			isa = PBXNativeTarget;
			buildConfigurationList = 84E497012238E6B5002FCC1C /* Build configuration list for PBXNativeTarget "sketonview" */;
			buildPhases = (
				D4AC984A5F74A15EF803BF6C /* [CP] Check Pods Manifest.lock */,
				84E496EB2238E6B1002FCC1C /* Sources */,
				84E496EC2238E6B1002FCC1C /* Frameworks */,
				84E496ED2238E6B1002FCC1C /* Resources */,
				1C759149E487DD8FDD760946 /* [CP] Embed Pods Frameworks */,
			);
			buildRules = (
			);
			dependencies = (
			);
			name = sketonview;
			productName = sketonview;
			productReference = 84E496EF2238E6B1002FCC1C /* sketonview.app */;
			productType = "com.apple.product-type.application";
		};
/* End PBXNativeTarget section */

/* Begin PBXProject section */
		84E496E72238E6B1002FCC1C /* Project object */ = {
			isa = PBXProject;
			attributes = {
				LastSwiftUpdateCheck = 1010;
				LastUpgradeCheck = 1010;
				ORGANIZATIONNAME = montto;
				TargetAttributes = {
					84E496EE2238E6B1002FCC1C = {
						CreatedOnToolsVersion = 10.1;
					};
				};
			};
			buildConfigurationList = 84E496EA2238E6B1002FCC1C /* Build configuration list for PBXProject "sketonview" */;
			compatibilityVersion = "Xcode 9.3";
			developmentRegion = en;
			hasScannedForEncodings = 0;
			knownRegions = (
				en,
				Base,
			);
			mainGroup = 84E496E62238E6B1002FCC1C;
			productRefGroup = 84E496F02238E6B1002FCC1C /* Products */;
			projectDirPath = "";
			projectRoot = "";
			targets = (
				84E496EE2238E6B1002FCC1C /* sketonview */,
			);
		};
/* End PBXProject section */

/* Begin PBXResourcesBuildPhase section */
		84E496ED2238E6B1002FCC1C /* Resources */ = {
			isa = PBXResourcesBuildPhase;
			buildActionMask = 2147483647;
			files = (
				84E496FD2238E6B5002FCC1C /* LaunchScreen.storyboard in Resources */,
				84E496FA2238E6B5002FCC1C /* Assets.xcassets in Resources */,
				84E496F82238E6B1002FCC1C /* Main.storyboard in Resources */,
			);
			runOnlyForDeploymentPostprocessing = 0;
		};
/* End PBXResourcesBuildPhase section */

/* Begin PBXShellScriptBuildPhase section */
		1C759149E487DD8FDD760946 /* [CP] Embed Pods Frameworks */ = {
			isa = PBXShellScriptBuildPhase;
			buildActionMask = 2147483647;
			files = (
			);
			inputFileListPaths = (
			);
			inputPaths = (
				"${PODS_ROOT}/Target Support Files/Pods-sketonview/Pods-sketonview-frameworks.sh",
				"${BUILT_PRODUCTS_DIR}/SkeletonView/SkeletonView.framework",
			);
			name = "[CP] Embed Pods Frameworks";
			outputFileListPaths = (
			);
			outputPaths = (
				"${TARGET_BUILD_DIR}/${FRAMEWORKS_FOLDER_PATH}/SkeletonView.framework",
			);
			runOnlyForDeploymentPostprocessing = 0;
			shellPath = /bin/sh;
			shellScript = "\"${PODS_ROOT}/Target Support Files/Pods-sketonview/Pods-sketonview-frameworks.sh\"\n";
			showEnvVarsInLog = 0;
		};
		D4AC984A5F74A15EF803BF6C /* [CP] Check Pods Manifest.lock */ = {
			isa = PBXShellScriptBuildPhase;
			buildActionMask = 2147483647;
			files = (
			);
			inputFileListPaths = (
			);
			inputPaths = (
				"${PODS_PODFILE_DIR_PATH}/Podfile.lock",
				"${PODS_ROOT}/Manifest.lock",
			);
			name = "[CP] Check Pods Manifest.lock";
			outputFileListPaths = (
			);
			outputPaths = (
				"$(DERIVED_FILE_DIR)/Pods-sketonview-checkManifestLockResult.txt",
			);
			runOnlyForDeploymentPostprocessing = 0;
			shellPath = /bin/sh;
			shellScript = "diff \"${PODS_PODFILE_DIR_PATH}/Podfile.lock\" \"${PODS_ROOT}/Manifest.lock\" > /dev/null\nif [ $? != 0 ] ; then\n    # print error to STDERR\n    echo \"error: The sandbox is not in sync with the Podfile.lock. Run 'pod install' or update your CocoaPods installation.\" >&2\n    exit 1\nfi\n# This output is used by Xcode 'outputs' to avoid re-running this script phase.\necho \"SUCCESS\" > \"${SCRIPT_OUTPUT_FILE_0}\"\n";
			showEnvVarsInLog = 0;
		};
/* End PBXShellScriptBuildPhase section */

/* Begin PBXSourcesBuildPhase section */
		84E496EB2238E6B1002FCC1C /* Sources */ = {
			isa = PBXSourcesBuildPhase;
			buildActionMask = 2147483647;
			files = (
				84E496F52238E6B1002FCC1C /* ViewController.swift in Sources */,
				84E496F32238E6B1002FCC1C /* AppDelegate.swift in Sources */,
			);
			runOnlyForDeploymentPostprocessing = 0;
		};
/* End PBXSourcesBuildPhase section */

/* Begin PBXVariantGroup section */
		84E496F62238E6B1002FCC1C /* Main.storyboard */ = {
			isa = PBXVariantGroup;
			children = (
				84E496F72238E6B1002FCC1C /* Base */,
			);
			name = Main.storyboard;
			sourceTree = "<group>";
		};
		84E496FB2238E6B5002FCC1C /* LaunchScreen.storyboard */ = {
			isa = PBXVariantGroup;
			children = (
				84E496FC2238E6B5002FCC1C /* Base */,
			);
			name = LaunchScreen.storyboard;
			sourceTree = "<group>";
		};
/* End PBXVariantGroup section */

/* Begin XCBuildConfiguration section */
		84E496FF2238E6B5002FCC1C /* Debug */ = {
			isa = XCBuildConfiguration;
			buildSettings = {
				ALWAYS_SEARCH_USER_PATHS = NO;
				CLANG_ANALYZER_NONNULL = YES;
				CLANG_ANALYZER_NUMBER_OBJECT_CONVERSION = YES_AGGRESSIVE;
				CLANG_CXX_LANGUAGE_STANDARD = "gnu++14";
				CLANG_CXX_LIBRARY = "libc++";
				CLANG_ENABLE_MODULES = YES;
				CLANG_ENABLE_OBJC_ARC = YES;
				CLANG_ENABLE_OBJC_WEAK = YES;
				CLANG_WARN_BLOCK_CAPTURE_AUTORELEASING = YES;
				CLANG_WARN_BOOL_CONVERSION = YES;
				CLANG_WARN_COMMA = YES;
				CLANG_WARN_CONSTANT_CONVERSION = YES;
				CLANG_WARN_DEPRECATED_OBJC_IMPLEMENTATIONS = YES;
				CLANG_WARN_DIRECT_OBJC_ISA_USAGE = YES_ERROR;
				CLANG_WARN_DOCUMENTATION_COMMENTS = YES;
				CLANG_WARN_EMPTY_BODY = YES;
				CLANG_WARN_ENUM_CONVERSION = YES;
				CLANG_WARN_INFINITE_RECURSION = YES;
				CLANG_WARN_INT_CONVERSION = YES;
				CLANG_WARN_NON_LITERAL_NULL_CONVERSION = YES;
				CLANG_WARN_OBJC_IMPLICIT_RETAIN_SELF = YES;
				CLANG_WARN_OBJC_LITERAL_CONVERSION = YES;
				CLANG_WARN_OBJC_ROOT_CLASS = YES_ERROR;
				CLANG_WARN_RANGE_LOOP_ANALYSIS = YES;
				CLANG_WARN_STRICT_PROTOTYPES = YES;
				CLANG_WARN_SUSPICIOUS_MOVE = YES;
				CLANG_WARN_UNGUARDED_AVAILABILITY = YES_AGGRESSIVE;
				CLANG_WARN_UNREACHABLE_CODE = YES;
				CLANG_WARN__DUPLICATE_METHOD_MATCH = YES;
				CODE_SIGN_IDENTITY = "iPhone Developer";
				COPY_PHASE_STRIP = NO;
				DEBUG_INFORMATION_FORMAT = dwarf;
				ENABLE_STRICT_OBJC_MSGSEND = YES;
				ENABLE_TESTABILITY = YES;
				GCC_C_LANGUAGE_STANDARD = gnu11;
				GCC_DYNAMIC_NO_PIC = NO;
				GCC_NO_COMMON_BLOCKS = YES;
				GCC_OPTIMIZATION_LEVEL = 0;
				GCC_PREPROCESSOR_DEFINITIONS = (
					"DEBUG=1",
					"$(inherited)",
				);
				GCC_WARN_64_TO_32_BIT_CONVERSION = YES;
				GCC_WARN_ABOUT_RETURN_TYPE = YES_ERROR;
				GCC_WARN_UNDECLARED_SELECTOR = YES;
				GCC_WARN_UNINITIALIZED_AUTOS = YES_AGGRESSIVE;
				GCC_WARN_UNUSED_FUNCTION = YES;
				GCC_WARN_UNUSED_VARIABLE = YES;
				IPHONEOS_DEPLOYMENT_TARGET = 12.1;
				MTL_ENABLE_DEBUG_INFO = INCLUDE_SOURCE;
				MTL_FAST_MATH = YES;
				ONLY_ACTIVE_ARCH = YES;
				SDKROOT = iphoneos;
				SWIFT_ACTIVE_COMPILATION_CONDITIONS = DEBUG;
				SWIFT_OPTIMIZATION_LEVEL = "-Onone";
			};
			name = Debug;
		};
		84E497002238E6B5002FCC1C /* Release */ = {
			isa = XCBuildConfiguration;
			buildSettings = {
				ALWAYS_SEARCH_USER_PATHS = NO;
				CLANG_ANALYZER_NONNULL = YES;
				CLANG_ANALYZER_NUMBER_OBJECT_CONVERSION = YES_AGGRESSIVE;
				CLANG_CXX_LANGUAGE_STANDARD = "gnu++14";
				CLANG_CXX_LIBRARY = "libc++";
				CLANG_ENABLE_MODULES = YES;
				CLANG_ENABLE_OBJC_ARC = YES;
				CLANG_ENABLE_OBJC_WEAK = YES;
				CLANG_WARN_BLOCK_CAPTURE_AUTORELEASING = YES;
				CLANG_WARN_BOOL_CONVERSION = YES;
				CLANG_WARN_COMMA = YES;
				CLANG_WARN_CONSTANT_CONVERSION = YES;
				CLANG_WARN_DEPRECATED_OBJC_IMPLEMENTATIONS = YES;
				CLANG_WARN_DIRECT_OBJC_ISA_USAGE = YES_ERROR;
				CLANG_WARN_DOCUMENTATION_COMMENTS = YES;
				CLANG_WARN_EMPTY_BODY = YES;
				CLANG_WARN_ENUM_CONVERSION = YES;
				CLANG_WARN_INFINITE_RECURSION = YES;
				CLANG_WARN_INT_CONVERSION = YES;
				CLANG_WARN_NON_LITERAL_NULL_CONVERSION = YES;
				CLANG_WARN_OBJC_IMPLICIT_RETAIN_SELF = YES;
				CLANG_WARN_OBJC_LITERAL_CONVERSION = YES;
				CLANG_WARN_OBJC_ROOT_CLASS = YES_ERROR;
				CLANG_WARN_RANGE_LOOP_ANALYSIS = YES;
				CLANG_WARN_STRICT_PROTOTYPES = YES;
				CLANG_WARN_SUSPICIOUS_MOVE = YES;
				CLANG_WARN_UNGUARDED_AVAILABILITY = YES_AGGRESSIVE;
				CLANG_WARN_UNREACHABLE_CODE = YES;
				CLANG_WARN__DUPLICATE_METHOD_MATCH = YES;
				CODE_SIGN_IDENTITY = "iPhone Developer";
				COPY_PHASE_STRIP = NO;
				DEBUG_INFORMATION_FORMAT = "dwarf-with-dsym";
				ENABLE_NS_ASSERTIONS = NO;
				ENABLE_STRICT_OBJC_MSGSEND = YES;
				GCC_C_LANGUAGE_STANDARD = gnu11;
				GCC_NO_COMMON_BLOCKS = YES;
				GCC_WARN_64_TO_32_BIT_CONVERSION = YES;
				GCC_WARN_ABOUT_RETURN_TYPE = YES_ERROR;
				GCC_WARN_UNDECLARED_SELECTOR = YES;
				GCC_WARN_UNINITIALIZED_AUTOS = YES_AGGRESSIVE;
				GCC_WARN_UNUSED_FUNCTION = YES;
				GCC_WARN_UNUSED_VARIABLE = YES;
				IPHONEOS_DEPLOYMENT_TARGET = 12.1;
				MTL_ENABLE_DEBUG_INFO = NO;
				MTL_FAST_MATH = YES;
				SDKROOT = iphoneos;
				SWIFT_COMPILATION_MODE = wholemodule;
				SWIFT_OPTIMIZATION_LEVEL = "-O";
				VALIDATE_PRODUCT = YES;
			};
			name = Release;
		};
		84E497022238E6B5002FCC1C /* Debug */ = {
			isa = XCBuildConfiguration;
			baseConfigurationReference = D45EF22A32DBA32C0EA06EFA /* Pods-sketonview.debug.xcconfig */;
			buildSettings = {
				ASSETCATALOG_COMPILER_APPICON_NAME = AppIcon;
				CODE_SIGN_STYLE = Automatic;
				INFOPLIST_FILE = sketonview/Info.plist;
				LD_RUNPATH_SEARCH_PATHS = (
					"$(inherited)",
					"@executable_path/Frameworks",
				);
				PRODUCT_BUNDLE_IDENTIFIER = ottnom.sketonview;
				PRODUCT_NAME = "$(TARGET_NAME)";
				SWIFT_VERSION = 4.2;
				TARGETED_DEVICE_FAMILY = "1,2";
			};
			name = Debug;
		};
		84E497032238E6B5002FCC1C /* Release */ = {
			isa = XCBuildConfiguration;
			baseConfigurationReference = AF123FB1EA82F21016CB0CFA /* Pods-sketonview.release.xcconfig */;
			buildSettings = {
				ASSETCATALOG_COMPILER_APPICON_NAME = AppIcon;
				CODE_SIGN_STYLE = Automatic;
				INFOPLIST_FILE = sketonview/Info.plist;
				LD_RUNPATH_SEARCH_PATHS = (
					"$(inherited)",
					"@executable_path/Frameworks",
				);
				PRODUCT_BUNDLE_IDENTIFIER = ottnom.sketonview;
				PRODUCT_NAME = "$(TARGET_NAME)";
				SWIFT_VERSION = 4.2;
				TARGETED_DEVICE_FAMILY = "1,2";
			};
			name = Release;
		};
/* End XCBuildConfiguration section */

/* Begin XCConfigurationList section */
		84E496EA2238E6B1002FCC1C /* Build configuration list for PBXProject "sketonview" */ = {
			isa = XCConfigurationList;
			buildConfigurations = (
				84E496FF2238E6B5002FCC1C /* Debug */,
				84E497002238E6B5002FCC1C /* Release */,
			);
			defaultConfigurationIsVisible = 0;
			defaultConfigurationName = Release;
		};
		84E497012238E6B5002FCC1C /* Build configuration list for PBXNativeTarget "sketonview" */ = {
			isa = XCConfigurationList;
			buildConfigurations = (
				84E497022238E6B5002FCC1C /* Debug */,
				84E497032238E6B5002FCC1C /* Release */,
			);
			defaultConfigurationIsVisible = 0;
			defaultConfigurationName = Release;
		};
/* End XCConfigurationList section */
	};
	rootObject = 84E496E72238E6B1002FCC1C /* Project object */;
}
